
Microsoft Visual Studio Solution File, Format Version 12.00
# Visual Studio Version 17
VisualStudioVersion = 17.0.31521.260
MinimumVisualStudioVersion = 10.0.40219.1
Project("{FAE04EC0-301F-11D3-BF4B-00C04F79EFBC}") = "Pedidos.Domain", "src\Pedidos.Domain\Pedidos.Domain.csproj", "{47A1A5E6-611D-4EC0-8E3B-FAECD10D0566}"
EndProject
Project("{FAE04EC0-301F-11D3-BF4B-00C04F79EFBC}") = "Pedidos.Api.Core", "src\Pedidos.Api.Core\Pedidos.Api.Core.csproj", "{2FA37C5D-6F2B-49D6-8176-3059721BEB84}"
EndProject
Project("{FAE04EC0-301F-11D3-BF4B-00C04F79EFBC}") = "Pedidos.Persistence", "src\Pedidos.Persistence\Pedidos.Persistence.csproj", "{3FD449E2-8FA6-4C17-9C3D-C505F1BE12B8}"
EndProject
Project("{FAE04EC0-301F-11D3-BF4B-00C04F79EFBC}") = "Pedidos.Api", "src\Pedidos.Api\Pedidos.Api.csproj", "{2DE4342B-DA8F-4855-8075-EBBB9753B516}"
EndProject
Global
	GlobalSection(SolutionConfigurationPlatforms) = preSolution
		Debug|Any CPU = Debug|Any CPU
		Release|Any CPU = Release|Any CPU
	EndGlobalSection
	GlobalSection(ProjectConfigurationPlatforms) = postSolution
		{47A1A5E6-611D-4EC0-8E3B-FAECD10D0566}.Debug|Any CPU.ActiveCfg = Debug|Any CPU
		{47A1A5E6-611D-4EC0-8E3B-FAECD10D0566}.Debug|Any CPU.Build.0 = Debug|Any CPU
		{47A1A5E6-611D-4EC0-8E3B-FAECD10D0566}.Release|Any CPU.ActiveCfg = Release|Any CPU
		{47A1A5E6-611D-4EC0-8E3B-FAECD10D0566}.Release|Any CPU.Build.0 = Release|Any CPU
		{2FA37C5D-6F2B-49D6-8176-3059721BEB84}.Debug|Any CPU.ActiveCfg = Debug|Any CPU
		{2FA37C5D-6F2B-49D6-8176-3059721BEB84}.Debug|Any CPU.Build.0 = Debug|Any CPU
		{2FA37C5D-6F2B-49D6-8176-3059721BEB84}.Release|Any CPU.ActiveCfg = Release|Any CPU
		{2FA37C5D-6F2B-49D6-8176-3059721BEB84}.Release|Any CPU.Build.0 = Release|Any CPU
		{3FD449E2-8FA6-4C17-9C3D-C505F1BE12B8}.Debug|Any CPU.ActiveCfg = Debug|Any CPU
		{3FD449E2-8FA6-4C17-9C3D-C505F1BE12B8}.Debug|Any CPU.Build.0 = Debug|Any CPU
		{3FD449E2-8FA6-4C17-9C3D-C505F1BE12B8}.Release|Any CPU.ActiveCfg = Release|Any CPU
		{3FD449E2-8FA6-4C17-9C3D-C505F1BE12B8}.Release|Any CPU.Build.0 = Release|Any CPU
		{2DE4342B-DA8F-4855-8075-EBBB9753B516}.Debug|Any CPU.ActiveCfg = Debug|Any CPU
		{2DE4342B-DA8F-4855-8075-EBBB9753B516}.Debug|Any CPU.Build.0 = Debug|Any CPU
		{2DE4342B-DA8F-4855-8075-EBBB9753B516}.Release|Any CPU.ActiveCfg = Release|Any CPU
		{2DE4342B-DA8F-4855-8075-EBBB9753B516}.Release|Any CPU.Build.0 = Release|Any CPU
	EndGlobalSection
	GlobalSection(SolutionProperties) = preSolution
		HideSolutionNode = FALSE
	EndGlobalSection
	GlobalSection(ExtensibilityGlobals) = postSolution
		SolutionGuid = {F8D92321-8F27-46BC-BD00-1F8766EDABD4}
	EndGlobalSection
EndGlobal
